<Solution>
  <Folder Name="/src/">
    <Project Path="src/GazetaMarketplace.Core/GazetaMarketplace.Core.csproj" />
    <Project Path="src/GazetaMarketplace.Infrastructure/GazetaMarketplace.Infrastructure.csproj" />
    <Project Path="src/GazetaMarketplace.Web/GazetaMarketplace.Web.csproj" Id="a24c3387-1587-429d-ac65-9252f0ec8816" />
  </Folder>
  <Folder Name="/tests/">
    <Project Path="tests/GazetaMarketplace.IntegrationTests/GazetaMarketplace.IntegrationTests.csproj" />
    <Project Path="tests/GazetaMarketplace.Web.Tests.Playwright/GazetaMarketplace.Web.Tests.Playwright.csproj" />
    <Project Path="tests/GazetaMarketplace.Web.Tests/GazetaMarketplace.Web.Tests.csproj" />
    <Project Path="tests/VehicleCatalogExport.Tests/VehicleCatalogExport.Tests.csproj" />
  </Folder>
</Solution>
