<Solution>
  <Folder Name="/src/">
    <Project Path="src/ClaudeStack.API/ClaudeStack.API.csproj" />
    <Project Path="src/ClaudeStack.Web/ClaudeStack.Web.csproj" />
  </Folder>
  <Folder Name="/tests/">
    <Project Path="tests/ClaudeStack.API.Tests.Playwright/ClaudeStack.API.Tests.Playwright.csproj" />
    <Project Path="tests/ClaudeStack.API.Tests/ClaudeStack.API.Tests.csproj" />
    <Project Path="tests/ClaudeStack.Web.Tests.Playwright/ClaudeStack.Web.Tests.Playwright.csproj" />
    <Project Path="tests/ClaudeStack.Web.Tests/ClaudeStack.Web.Tests.csproj" />
  </Folder>
</Solution>
